
Microsoft Visual Studio Solution File, Format Version 12.00
# Visual Studio 15
VisualStudioVersion = 15.0.27703.2042
MinimumVisualStudioVersion = 10.0.40219.1
Project("{9A19103F-16F7-4668-BE54-9A1E7A4F7556}") = "MarketPlaceBackend", "MarketPlaceBackend\MarketPlaceBackend.csproj", "{BF3A9ADF-A1D0-42EA-AD21-9E84E96ED4B8}"
EndProject
Project("{FAE04EC0-301F-11D3-BF4B-00C04F79EFBC}") = "MarketPlaceBackend.Tests", "MarketPlaceBackend.Tests\MarketPlaceBackend.Tests.csproj", "{52D5BFAF-5751-4D6D-BE1B-CC199384F537}"
EndProject
Global
	GlobalSection(SolutionConfigurationPlatforms) = preSolution
		Debug|Any CPU = Debug|Any CPU
		Release|Any CPU = Release|Any CPU
	EndGlobalSection
	GlobalSection(ProjectConfigurationPlatforms) = postSolution
		{BF3A9ADF-A1D0-42EA-AD21-9E84E96ED4B8}.Debug|Any CPU.ActiveCfg = Debug|Any CPU
		{BF3A9ADF-A1D0-42EA-AD21-9E84E96ED4B8}.Debug|Any CPU.Build.0 = Debug|Any CPU
		{BF3A9ADF-A1D0-42EA-AD21-9E84E96ED4B8}.Release|Any CPU.ActiveCfg = Release|Any CPU
		{BF3A9ADF-A1D0-42EA-AD21-9E84E96ED4B8}.Release|Any CPU.Build.0 = Release|Any CPU
		{52D5BFAF-5751-4D6D-BE1B-CC199384F537}.Debug|Any CPU.ActiveCfg = Debug|Any CPU
		{52D5BFAF-5751-4D6D-BE1B-CC199384F537}.Debug|Any CPU.Build.0 = Debug|Any CPU
		{52D5BFAF-5751-4D6D-BE1B-CC199384F537}.Release|Any CPU.ActiveCfg = Release|Any CPU
		{52D5BFAF-5751-4D6D-BE1B-CC199384F537}.Release|Any CPU.Build.0 = Release|Any CPU
	EndGlobalSection
	GlobalSection(SolutionProperties) = preSolution
		HideSolutionNode = FALSE
	EndGlobalSection
	GlobalSection(ExtensibilityGlobals) = postSolution
		SolutionGuid = {0C9FA376-D742-4A59-8318-331F8779498E}
	EndGlobalSection
EndGlobal
